schema: '2.0'
stages:
  step_1:
    cmd: python -m src.prepare_dataset --seed 42
    deps:
    - path: data/train
      hash: md5
      md5: b327c642538be3874f0856f44292f621.dir
      size: 571915376
      nfiles: 25000
    - path: src/constants.py
      hash: md5
      md5: 46b59484540bb8ba64ef9cb305988a74
      size: 978
    - path: src/prepare_dataset.py
      hash: md5
      md5: 37af5f2e84eafe2569e4a042979c8e1f
      size: 2778
    params:
      params.yaml:
        prepare:
          seed: 42
    outs:
    - path: artifacts/X_train.pickle
      hash: md5
      md5: 5d4ca5b021ea5da3f850787f84e6bb28
      size: 140625168
    - path: artifacts/y_train.pickle
      hash: md5
      md5: 55167a59a3a72e8c481691a67ef17be1
      size: 200161
  train:
    cmd: "python -m src.train --batch-size 16 --epochs 7 --validation-split 0.2 --test-fraction
      0.2 --split-seed 42\n"
    deps:
    - path: artifacts/X_train.pickle
      hash: md5
      md5: 5d4ca5b021ea5da3f850787f84e6bb28
      size: 140625168
    - path: artifacts/y_train.pickle
      hash: md5
      md5: 55167a59a3a72e8c481691a67ef17be1
      size: 200161
    - path: src/constants.py
      hash: md5
      md5: 46b59484540bb8ba64ef9cb305988a74
      size: 978
    - path: src/train.py
      hash: md5
      md5: 005d7fa2e74a9efaf80e33be9e623497
      size: 3747
    params:
      params.yaml:
        train:
          batch_size: 16
          epochs: 7
          validation_split: 0.2
          test_fraction: 0.2
          split_seed: 42
    outs:
    - path: artifacts/X_test.pickle
      hash: md5
      md5: 51daee6a21d08192e09aa6fa5cd2c340
      size: 28125168
    - path: artifacts/model.keras
      hash: md5
      md5: bf273b2c36dd0c042ba5fc5999cfc4c1
      size: 3716961
    - path: artifacts/train_metrics.json
      hash: md5
      md5: be7d0f5738139bccba27556ce8b2787c
      size: 137
    - path: artifacts/y_test.pickle
      hash: md5
      md5: 15132fc4b1524cb4347a39c911c5b4ca
      size: 40152
  evaluate:
    cmd: python -m src.evaluate
    deps:
    - path: artifacts/X_test.pickle
      hash: md5
      md5: 51daee6a21d08192e09aa6fa5cd2c340
      size: 28125168
    - path: artifacts/model.keras
      hash: md5
      md5: bf273b2c36dd0c042ba5fc5999cfc4c1
      size: 3716961
    - path: artifacts/y_test.pickle
      hash: md5
      md5: 15132fc4b1524cb4347a39c911c5b4ca
      size: 40152
    - path: src/constants.py
      hash: md5
      md5: 46b59484540bb8ba64ef9cb305988a74
      size: 978
    - path: src/evaluate.py
      hash: md5
      md5: dc7dbfcb0200816e2b7bb4069e7e727a
      size: 1509
    outs:
    - path: artifacts/eval_metrics.json
      hash: md5
      md5: 0aa6e44058d7b2d405a5eb6513531fb9
      size: 67
  save_model:
    cmd: python -m src.save_model
    deps:
    - path: artifacts/model.keras
      hash: md5
      md5: bf273b2c36dd0c042ba5fc5999cfc4c1
      size: 3716961
    - path: src/constants.py
      hash: md5
      md5: 46b59484540bb8ba64ef9cb305988a74
      size: 978
    - path: src/save_model.py
      hash: md5
      md5: 6fb3fa78ac960aeba69ef043af942511
      size: 677
    outs:
    - path: models/model.keras
      hash: md5
      md5: bf273b2c36dd0c042ba5fc5999cfc4c1
      size: 3716961
